{
  "name": "upgradable-blockchain-signer",
  "version": "1.0.0",
  "lockfileVersion": 3,
  "requires": true,
  "packages": {
    "": {
      "name": "upgradable-blockchain-signer",
      "version": "1.0.0",
      "license": "MIT",
      "dependencies": {
        "bigint-conversion": "^2.4.3",
        "bigint-crypto-utils": "^3.3.0"
      }
    },
    "node_modules/@juanelas/base64": {
      "version": "1.1.5",
      "resolved": "https://registry.npmmirror.com/@juanelas/base64/-/base64-1.1.5.tgz",
      "integrity": "sha512-mjAF27LzwfYobdwqnxZgeucbKT5wRRNvILg3h5OvCWK+3F7mw/A1tnjHnNiTYtLmTvT/bM1jA5AX7eQawDGs1w==",
      "license": "MIT"
    },
    "node_modules/bigint-conversion": {
      "version": "2.4.3",
      "resolved": "https://registry.npmmirror.com/bigint-conversion/-/bigint-conversion-2.4.3.tgz",
      "integrity": "sha512-eM76IXlhXQD6HAoE6A7QLQ3jdC04EJdjH3zrlU1Jtt4/jj+O/pMGjGR5FY8/55FOIBsK25kly0RoG4GA4iKdvg==",
      "license": "MIT",
      "dependencies": {
        "@juanelas/base64": "^1.1.2"
      }
    },
    "node_modules/bigint-crypto-utils": {
      "version": "3.3.0",
      "resolved": "https://registry.npmmirror.com/bigint-crypto-utils/-/bigint-crypto-utils-3.3.0.tgz",
      "integrity": "sha512-jOTSb+drvEDxEq6OuUybOAv/xxoh3cuYRUIPyu8sSHQNKM303UQ2R1DAo45o1AkcIXw6fzbaFI1+xGGdaXs2lg==",
      "license": "MIT",
      "engines": {
        "node": ">=14.0.0"
      }
    }
  }
}
